{
	"name": "skyskript",
	"version": "1.0.9",
	"lockfileVersion": 3,
	"requires": true,
	"packages": {
		"": {
			"name": "skyskript",
			"version": "1.0.9",
			"license": "ISC",
			"dependencies": {
				"@types/node": "^20.8.4",
				"@types/prompt-sync": "^4.2.1",
				"colors": "^1.4.0",
				"readline-sync": "^1.4.10",
				"suppress-experimental-warnings": "^1.1.17"
			},
			"bin": {
				"ss": "--no-warnings=ExperimentalWarning dist/src/cli.js"
			}
		},
		"node_modules/@types/node": {
			"version": "20.8.6",
			"resolved": "https://registry.npmjs.org/@types/node/-/node-20.8.6.tgz",
			"integrity": "sha512-eWO4K2Ji70QzKUqRy6oyJWUeB7+g2cRagT3T/nxYibYcT4y2BDL8lqolRXjTHmkZCdJfIPaY73KbJAZmcryxTQ==",
			"dependencies": {
				"undici-types": "~5.25.1"
			}
		},
		"node_modules/@types/prompt-sync": {
			"version": "4.2.1",
			"resolved": "https://registry.npmjs.org/@types/prompt-sync/-/prompt-sync-4.2.1.tgz",
			"integrity": "sha512-I8um3Igm75+3Ewvoke1CcP1Qxox352iy/ErFl7KSGzXVU7Gh50fofTw6hLMgF4fyKSV2TG7bEHUOBrxLx3vTGg=="
		},
		"node_modules/colors": {
			"version": "1.4.0",
			"resolved": "https://registry.npmjs.org/colors/-/colors-1.4.0.tgz",
			"integrity": "sha512-a+UqTh4kgZg/SlGvfbzDHpgRu7AAQOmmqRHJnxhRZICKFUT91brVhNNt58CMWU9PsBbv3PDCZUHbVxuDiH2mtA==",
			"engines": {
				"node": ">=0.1.90"
			}
		},
		"node_modules/jiti": {
			"version": "1.20.0",
			"resolved": "https://registry.npmjs.org/jiti/-/jiti-1.20.0.tgz",
			"integrity": "sha512-3TV69ZbrvV6U5DfQimop50jE9Dl6J8O1ja1dvBbMba/sZ3YBEQqJ2VZRoQPVnhlzjNtU1vaXRZVrVjU4qtm8yA==",
			"bin": {
				"jiti": "bin/jiti.js"
			}
		},
		"node_modules/readline-sync": {
			"version": "1.4.10",
			"resolved": "https://registry.npmjs.org/readline-sync/-/readline-sync-1.4.10.tgz",
			"integrity": "sha512-gNva8/6UAe8QYepIQH/jQ2qn91Qj0B9sYjMBBs3QOB8F2CXcKgLxQaJRP76sWVRQt+QU+8fAkCbCvjjMFu7Ycw==",
			"engines": {
				"node": ">= 0.8.0"
			}
		},
		"node_modules/suppress-experimental-warnings": {
			"version": "1.1.17",
			"resolved": "https://registry.npmjs.org/suppress-experimental-warnings/-/suppress-experimental-warnings-1.1.17.tgz",
			"integrity": "sha512-n1huqqtVdNSTV04x0lC9gfBsCl6X+RRA10B6VTw8kQjrNbkwkU6DJB/qTbQFjO+ItYT9VbGe3NvuS4XWq5vUEQ==",
			"dependencies": {
				"jiti": "^1.18.2"
			},
			"engines": {
				"node": ">=14"
			},
			"funding": {
				"url": "https://github.com/sponsors/dword-design"
			}
		},
		"node_modules/undici-types": {
			"version": "5.25.3",
			"resolved": "https://registry.npmjs.org/undici-types/-/undici-types-5.25.3.tgz",
			"integrity": "sha512-Ga1jfYwRn7+cP9v8auvEXN1rX3sWqlayd4HP7OKk4mZWylEmu3KzXDUGrQUN6Ol7qo1gPvB2e5gX6udnyEPgdA=="
		}
	}
}
